// !$*UTF8*$!
{
	archiveVersion = 1;
	classes = {
	};
	objectVersion = 46;
	objects = {

/* Begin PBXBuildFile section */
		C21F83310DD7FE0FA8FCD908 /* libPods.a in Frameworks */ = {isa = PBXBuildFile; fileRef = 361F5654261D3C8EC4AE8536 /* libPods.a */; };
		E108F7171D8A331E00309A49 /* discoverModel.m in Sources */ = {isa = PBXBuildFile; fileRef = E108F7161D8A331E00309A49 /* discoverModel.m */; };
		E11587D51D83C72000F8E683 /* Assets.xcassets in Resources */ = {isa = PBXBuildFile; fileRef = E11587D41D83C72000F8E683 /* Assets.xcassets */; };
		E11588021D83FFE600F8E683 /* AppDelegate.m in Sources */ = {isa = PBXBuildFile; fileRef = E11587F11D83FFE600F8E683 /* AppDelegate.m */; };
		E11588031D83FFE600F8E683 /* HYTabBarController.m in Sources */ = {isa = PBXBuildFile; fileRef = E11587F41D83FFE600F8E683 /* HYTabBarController.m */; };
		E11588041D83FFE600F8E683 /* Info.plist in Resources */ = {isa = PBXBuildFile; fileRef = E11587F51D83FFE600F8E683 /* Info.plist */; };
		E11588051D83FFE600F8E683 /* main.m in Sources */ = {isa = PBXBuildFile; fileRef = E11587F61D83FFE600F8E683 /* main.m */; };
		E11588091D84025C00F8E683 /* HYNavigationController.m in Sources */ = {isa = PBXBuildFile; fileRef = E11588081D84025C00F8E683 /* HYNavigationController.m */; };
		E115880D1D841B2600F8E683 /* CollocationViewController.m in Sources */ = {isa = PBXBuildFile; fileRef = E115880C1D841B2600F8E683 /* CollocationViewController.m */; };
		E11588101D841B5000F8E683 /* DiscoverViewController.m in Sources */ = {isa = PBXBuildFile; fileRef = E115880F1D841B5000F8E683 /* DiscoverViewController.m */; };
		E11588131D841B5D00F8E683 /* MeViewController.m in Sources */ = {isa = PBXBuildFile; fileRef = E11588121D841B5D00F8E683 /* MeViewController.m */; };
		E11588161D841B6E00F8E683 /* RecommendViewController.m in Sources */ = {isa = PBXBuildFile; fileRef = E11588151D841B6E00F8E683 /* RecommendViewController.m */; };
		E11588191D841B8700F8E683 /* SingleProductViewController.m in Sources */ = {isa = PBXBuildFile; fileRef = E11588181D841B8700F8E683 /* SingleProductViewController.m */; };
		E115881C1D8442EB00F8E683 /* ChangeAgeView.m in Sources */ = {isa = PBXBuildFile; fileRef = E115881B1D8442EB00F8E683 /* ChangeAgeView.m */; };
		E11588261D844E9100F8E683 /* UIBarButtonItem+HYExtension.m in Sources */ = {isa = PBXBuildFile; fileRef = E11588251D844E9100F8E683 /* UIBarButtonItem+HYExtension.m */; };
		E11588291D844EBC00F8E683 /* UIView+HYExtension.m in Sources */ = {isa = PBXBuildFile; fileRef = E11588281D844EBC00F8E683 /* UIView+HYExtension.m */; };
		E115882C1D84545700F8E683 /* HYViewController.m in Sources */ = {isa = PBXBuildFile; fileRef = E115882B1D84545700F8E683 /* HYViewController.m */; };
		E11AB0251D8544F200539F86 /* UIButton+HYExtension.m in Sources */ = {isa = PBXBuildFile; fileRef = E11AB0241D8544F200539F86 /* UIButton+HYExtension.m */; };
		E17EF6AF1D891ED7004DE136 /* collocationModel.m in Sources */ = {isa = PBXBuildFile; fileRef = E17EF6AE1D891ED7004DE136 /* collocationModel.m */; };
		E1A301CD1D86B862001A9575 /* HYThemeHeaderView.m in Sources */ = {isa = PBXBuildFile; fileRef = E1A301CB1D86B862001A9575 /* HYThemeHeaderView.m */; };
		E1A301CE1D86B862001A9575 /* HYThemeHeaderView.xib in Resources */ = {isa = PBXBuildFile; fileRef = E1A301CC1D86B862001A9575 /* HYThemeHeaderView.xib */; };
		E1A301D11D86D44E001A9575 /* HYConst.m in Sources */ = {isa = PBXBuildFile; fileRef = E1A301D01D86D44E001A9575 /* HYConst.m */; };
		E1A301D41D86DA13001A9575 /* HYVerticalButton.m in Sources */ = {isa = PBXBuildFile; fileRef = E1A301D31D86DA13001A9575 /* HYVerticalButton.m */; };
		E1CACB011D86A5E800B5A7B3 /* HYThemeHeader.m in Sources */ = {isa = PBXBuildFile; fileRef = E1CACB001D86A5E800B5A7B3 /* HYThemeHeader.m */; };
		E1FE8AAD1D87D88C00C6D0FF /* headerCenterView.txt in Resources */ = {isa = PBXBuildFile; fileRef = E1FE8AAA1D87D88C00C6D0FF /* headerCenterView.txt */; };
		E1FE8AAE1D87D88C00C6D0FF /* headerView.txt in Resources */ = {isa = PBXBuildFile; fileRef = E1FE8AAB1D87D88C00C6D0FF /* headerView.txt */; };
		E1FE8AAF1D87D88C00C6D0FF /* jingxuan.txt in Resources */ = {isa = PBXBuildFile; fileRef = E1FE8AAC1D87D88C00C6D0FF /* jingxuan.txt */; };
/* End PBXBuildFile section */

/* Begin PBXFileReference section */
		361F5654261D3C8EC4AE8536 /* libPods.a */ = {isa = PBXFileReference; explicitFileType = archive.ar; includeInIndex = 0; path = libPods.a; sourceTree = BUILT_PRODUCTS_DIR; };
		6587FE401B29E8052427C7E8 /* Pods.debug.xcconfig */ = {isa = PBXFileReference; includeInIndex = 1; lastKnownFileType = text.xcconfig; name = Pods.debug.xcconfig; path = "Pods/Target Support Files/Pods/Pods.debug.xcconfig"; sourceTree = "<group>"; };
		D39DBA9481C4E6F6C5476552 /* Pods.release.xcconfig */ = {isa = PBXFileReference; includeInIndex = 1; lastKnownFileType = text.xcconfig; name = Pods.release.xcconfig; path = "Pods/Target Support Files/Pods/Pods.release.xcconfig"; sourceTree = "<group>"; };
		E108F7151D8A331E00309A49 /* discoverModel.h */ = {isa = PBXFileReference; fileEncoding = 4; lastKnownFileType = sourcecode.c.h; path = discoverModel.h; sourceTree = "<group>"; };
		E108F7161D8A331E00309A49 /* discoverModel.m */ = {isa = PBXFileReference; fileEncoding = 4; lastKnownFileType = sourcecode.c.objc; path = discoverModel.m; sourceTree = "<group>"; };
		E11587C51D83C72000F8E683 /* nanyibang.app */ = {isa = PBXFileReference; explicitFileType = wrapper.application; includeInIndex = 0; path = nanyibang.app; sourceTree = BUILT_PRODUCTS_DIR; };
		E11587D41D83C72000F8E683 /* Assets.xcassets */ = {isa = PBXFileReference; lastKnownFileType = folder.assetcatalog; path = Assets.xcassets; sourceTree = "<group>"; };
		E11587F01D83FFE600F8E683 /* AppDelegate.h */ = {isa = PBXFileReference; fileEncoding = 4; lastKnownFileType = sourcecode.c.h; path = AppDelegate.h; sourceTree = "<group>"; };
		E11587F11D83FFE600F8E683 /* AppDelegate.m */ = {isa = PBXFileReference; fileEncoding = 4; lastKnownFileType = sourcecode.c.objc; path = AppDelegate.m; sourceTree = "<group>"; };
		E11587F31D83FFE600F8E683 /* HYTabBarController.h */ = {isa = PBXFileReference; fileEncoding = 4; lastKnownFileType = sourcecode.c.h; path = HYTabBarController.h; sourceTree = "<group>"; };
		E11587F41D83FFE600F8E683 /* HYTabBarController.m */ = {isa = PBXFileReference; fileEncoding = 4; lastKnownFileType = sourcecode.c.objc; path = HYTabBarController.m; sourceTree = "<group>"; };
		E11587F51D83FFE600F8E683 /* Info.plist */ = {isa = PBXFileReference; fileEncoding = 4; lastKnownFileType = text.plist.xml; path = Info.plist; sourceTree = "<group>"; };
		E11587F61D83FFE600F8E683 /* main.m */ = {isa = PBXFileReference; fileEncoding = 4; lastKnownFileType = sourcecode.c.objc; path = main.m; sourceTree = "<group>"; };
		E11588071D84025C00F8E683 /* HYNavigationController.h */ = {isa = PBXFileReference; fileEncoding = 4; lastKnownFileType = sourcecode.c.h; path = HYNavigationController.h; sourceTree = "<group>"; };
		E11588081D84025C00F8E683 /* HYNavigationController.m */ = {isa = PBXFileReference; fileEncoding = 4; lastKnownFileType = sourcecode.c.objc; path = HYNavigationController.m; sourceTree = "<group>"; };
		E115880A1D84182E00F8E683 /* PrefixHeader.pch */ = {isa = PBXFileReference; fileEncoding = 4; lastKnownFileType = sourcecode.c.h; path = PrefixHeader.pch; sourceTree = "<group>"; };
		E115880B1D841B2600F8E683 /* CollocationViewController.h */ = {isa = PBXFileReference; fileEncoding = 4; lastKnownFileType = sourcecode.c.h; path = CollocationViewController.h; sourceTree = "<group>"; };
		E115880C1D841B2600F8E683 /* CollocationViewController.m */ = {isa = PBXFileReference; fileEncoding = 4; lastKnownFileType = sourcecode.c.objc; path = CollocationViewController.m; sourceTree = "<group>"; };
		E115880E1D841B5000F8E683 /* DiscoverViewController.h */ = {isa = PBXFileReference; fileEncoding = 4; lastKnownFileType = sourcecode.c.h; path = DiscoverViewController.h; sourceTree = "<group>"; };
		E115880F1D841B5000F8E683 /* DiscoverViewController.m */ = {isa = PBXFileReference; fileEncoding = 4; lastKnownFileType = sourcecode.c.objc; path = DiscoverViewController.m; sourceTree = "<group>"; };
		E11588111D841B5D00F8E683 /* MeViewController.h */ = {isa = PBXFileReference; fileEncoding = 4; lastKnownFileType = sourcecode.c.h; path = MeViewController.h; sourceTree = "<group>"; };
		E11588121D841B5D00F8E683 /* MeViewController.m */ = {isa = PBXFileReference; fileEncoding = 4; lastKnownFileType = sourcecode.c.objc; path = MeViewController.m; sourceTree = "<group>"; };
		E11588141D841B6E00F8E683 /* RecommendViewController.h */ = {isa = PBXFileReference; fileEncoding = 4; lastKnownFileType = sourcecode.c.h; path = RecommendViewController.h; sourceTree = "<group>"; };
		E11588151D841B6E00F8E683 /* RecommendViewController.m */ = {isa = PBXFileReference; fileEncoding = 4; lastKnownFileType = sourcecode.c.objc; path = RecommendViewController.m; sourceTree = "<group>"; };
		E11588171D841B8700F8E683 /* SingleProductViewController.h */ = {isa = PBXFileReference; fileEncoding = 4; lastKnownFileType = sourcecode.c.h; path = SingleProductViewController.h; sourceTree = "<group>"; };
		E11588181D841B8700F8E683 /* SingleProductViewController.m */ = {isa = PBXFileReference; fileEncoding = 4; lastKnownFileType = sourcecode.c.objc; path = SingleProductViewController.m; sourceTree = "<group>"; };
		E115881A1D8442EB00F8E683 /* ChangeAgeView.h */ = {isa = PBXFileReference; fileEncoding = 4; lastKnownFileType = sourcecode.c.h; path = ChangeAgeView.h; sourceTree = "<group>"; };
		E115881B1D8442EB00F8E683 /* ChangeAgeView.m */ = {isa = PBXFileReference; fileEncoding = 4; lastKnownFileType = sourcecode.c.objc; path = ChangeAgeView.m; sourceTree = "<group>"; };
		E11588241D844E9100F8E683 /* UIBarButtonItem+HYExtension.h */ = {isa = PBXFileReference; fileEncoding = 4; lastKnownFileType = sourcecode.c.h; path = "UIBarButtonItem+HYExtension.h"; sourceTree = "<group>"; };
		E11588251D844E9100F8E683 /* UIBarButtonItem+HYExtension.m */ = {isa = PBXFileReference; fileEncoding = 4; lastKnownFileType = sourcecode.c.objc; path = "UIBarButtonItem+HYExtension.m"; sourceTree = "<group>"; };
		E11588271D844EBC00F8E683 /* UIView+HYExtension.h */ = {isa = PBXFileReference; fileEncoding = 4; lastKnownFileType = sourcecode.c.h; path = "UIView+HYExtension.h"; sourceTree = "<group>"; };
		E11588281D844EBC00F8E683 /* UIView+HYExtension.m */ = {isa = PBXFileReference; fileEncoding = 4; lastKnownFileType = sourcecode.c.objc; path = "UIView+HYExtension.m"; sourceTree = "<group>"; };
		E115882A1D84545700F8E683 /* HYViewController.h */ = {isa = PBXFileReference; fileEncoding = 4; lastKnownFileType = sourcecode.c.h; path = HYViewController.h; sourceTree = "<group>"; };
		E115882B1D84545700F8E683 /* HYViewController.m */ = {isa = PBXFileReference; fileEncoding = 4; lastKnownFileType = sourcecode.c.objc; path = HYViewController.m; sourceTree = "<group>"; };
		E11AB0231D8544F200539F86 /* UIButton+HYExtension.h */ = {isa = PBXFileReference; fileEncoding = 4; lastKnownFileType = sourcecode.c.h; path = "UIButton+HYExtension.h"; sourceTree = "<group>"; };
		E11AB0241D8544F200539F86 /* UIButton+HYExtension.m */ = {isa = PBXFileReference; fileEncoding = 4; lastKnownFileType = sourcecode.c.objc; path = "UIButton+HYExtension.m"; sourceTree = "<group>"; };
		E17EF6AD1D891ED7004DE136 /* collocationModel.h */ = {isa = PBXFileReference; fileEncoding = 4; lastKnownFileType = sourcecode.c.h; path = collocationModel.h; sourceTree = "<group>"; };
		E17EF6AE1D891ED7004DE136 /* collocationModel.m */ = {isa = PBXFileReference; fileEncoding = 4; lastKnownFileType = sourcecode.c.objc; path = collocationModel.m; sourceTree = "<group>"; };
		E1A301CA1D86B862001A9575 /* HYThemeHeaderView.h */ = {isa = PBXFileReference; fileEncoding = 4; lastKnownFileType = sourcecode.c.h; path = HYThemeHeaderView.h; sourceTree = "<group>"; };
		E1A301CB1D86B862001A9575 /* HYThemeHeaderView.m */ = {isa = PBXFileReference; fileEncoding = 4; lastKnownFileType = sourcecode.c.objc; path = HYThemeHeaderView.m; sourceTree = "<group>"; };
		E1A301CC1D86B862001A9575 /* HYThemeHeaderView.xib */ = {isa = PBXFileReference; fileEncoding = 4; lastKnownFileType = file.xib; path = HYThemeHeaderView.xib; sourceTree = "<group>"; };
		E1A301CF1D86D44E001A9575 /* HYConst.h */ = {isa = PBXFileReference; fileEncoding = 4; lastKnownFileType = sourcecode.c.h; path = HYConst.h; sourceTree = "<group>"; };
		E1A301D01D86D44E001A9575 /* HYConst.m */ = {isa = PBXFileReference; fileEncoding = 4; lastKnownFileType = sourcecode.c.objc; path = HYConst.m; sourceTree = "<group>"; };
		E1A301D21D86DA13001A9575 /* HYVerticalButton.h */ = {isa = PBXFileReference; fileEncoding = 4; lastKnownFileType = sourcecode.c.h; path = HYVerticalButton.h; sourceTree = "<group>"; };
		E1A301D31D86DA13001A9575 /* HYVerticalButton.m */ = {isa = PBXFileReference; fileEncoding = 4; lastKnownFileType = sourcecode.c.objc; path = HYVerticalButton.m; sourceTree = "<group>"; };
		E1CACAFF1D86A5E800B5A7B3 /* HYThemeHeader.h */ = {isa = PBXFileReference; fileEncoding = 4; lastKnownFileType = sourcecode.c.h; path = HYThemeHeader.h; sourceTree = "<group>"; };
		E1CACB001D86A5E800B5A7B3 /* HYThemeHeader.m */ = {isa = PBXFileReference; fileEncoding = 4; lastKnownFileType = sourcecode.c.objc; path = HYThemeHeader.m; sourceTree = "<group>"; };
		E1FE8AAA1D87D88C00C6D0FF /* headerCenterView.txt */ = {isa = PBXFileReference; fileEncoding = 4; lastKnownFileType = text; path = headerCenterView.txt; sourceTree = "<group>"; };
		E1FE8AAB1D87D88C00C6D0FF /* headerView.txt */ = {isa = PBXFileReference; fileEncoding = 4; lastKnownFileType = text; path = headerView.txt; sourceTree = "<group>"; };
		E1FE8AAC1D87D88C00C6D0FF /* jingxuan.txt */ = {isa = PBXFileReference; fileEncoding = 4; lastKnownFileType = text; path = jingxuan.txt; sourceTree = "<group>"; };
/* End PBXFileReference section */

/* Begin PBXFrameworksBuildPhase section */
		E11587C21D83C72000F8E683 /* Frameworks */ = {
			isa = PBXFrameworksBuildPhase;
			buildActionMask = 2147483647;
			files = (
				C21F83310DD7FE0FA8FCD908 /* libPods.a in Frameworks */,
			);
			runOnlyForDeploymentPostprocessing = 0;
		};
/* End PBXFrameworksBuildPhase section */

/* Begin PBXGroup section */
		11AB7A5A7A8AC016B517032F /* Frameworks */ = {
			isa = PBXGroup;
			children = (
				361F5654261D3C8EC4AE8536 /* libPods.a */,
			);
			name = Frameworks;
			sourceTree = "<group>";
		};
		C959EC0E4EA5750323C87183 /* Pods */ = {
			isa = PBXGroup;
			children = (
				6587FE401B29E8052427C7E8 /* Pods.debug.xcconfig */,
				D39DBA9481C4E6F6C5476552 /* Pods.release.xcconfig */,
			);
			name = Pods;
			sourceTree = "<group>";
		};
		E11587BC1D83C72000F8E683 = {
			isa = PBXGroup;
			children = (
				E11587C71D83C72000F8E683 /* nanyibang */,
				E11587C61D83C72000F8E683 /* Products */,
				C959EC0E4EA5750323C87183 /* Pods */,
				11AB7A5A7A8AC016B517032F /* Frameworks */,
			);
			sourceTree = "<group>";
		};
		E11587C61D83C72000F8E683 /* Products */ = {
			isa = PBXGroup;
			children = (
				E11587C51D83C72000F8E683 /* nanyibang.app */,
			);
			name = Products;
			sourceTree = "<group>";
		};
		E11587C71D83C72000F8E683 /* nanyibang */ = {
			isa = PBXGroup;
			children = (
				E11587E21D83FFE600F8E683 /* Classs */,
				E11587C81D83C72000F8E683 /* Supporting Files */,
			);
			path = nanyibang;
			sourceTree = "<group>";
		};
		E11587C81D83C72000F8E683 /* Supporting Files */ = {
			isa = PBXGroup;
			children = (
				E11587D41D83C72000F8E683 /* Assets.xcassets */,
			);
			name = "Supporting Files";
			sourceTree = "<group>";
		};
		E11587E21D83FFE600F8E683 /* Classs */ = {
			isa = PBXGroup;
			children = (
				E11587FA1D83FFE600F8E683 /* Recommend */,
				E11587FE1D83FFE600F8E683 /* SingleProduct */,
				E11587E31D83FFE600F8E683 /* Collocation */,
				E11587E71D83FFE600F8E683 /* Discover */,
				E11587EB1D83FFE600F8E683 /* Me */,
				E11587EF1D83FFE600F8E683 /* Other */,
			);
			path = Classs;
			sourceTree = "<group>";
		};
		E11587E31D83FFE600F8E683 /* Collocation */ = {
			isa = PBXGroup;
			children = (
				E11587E41D83FFE600F8E683 /* Controller */,
				E11587E51D83FFE600F8E683 /* Model */,
				E11587E61D83FFE600F8E683 /* View */,
			);
			path = Collocation;
			sourceTree = "<group>";
		};
		E11587E41D83FFE600F8E683 /* Controller */ = {
			isa = PBXGroup;
			children = (
				E115880B1D841B2600F8E683 /* CollocationViewController.h */,
				E115880C1D841B2600F8E683 /* CollocationViewController.m */,
			);
			path = Controller;
			sourceTree = "<group>";
		};
		E11587E51D83FFE600F8E683 /* Model */ = {
			isa = PBXGroup;
			children = (
			);
			path = Model;
			sourceTree = "<group>";
		};
		E11587E61D83FFE600F8E683 /* View */ = {
			isa = PBXGroup;
			children = (
			);
			path = View;
			sourceTree = "<group>";
		};
		E11587E71D83FFE600F8E683 /* Discover */ = {
			isa = PBXGroup;
			children = (
				E11587E81D83FFE600F8E683 /* Controller */,
				E11587E91D83FFE600F8E683 /* Model */,
				E11587EA1D83FFE600F8E683 /* View */,
			);
			path = Discover;
			sourceTree = "<group>";
		};
		E11587E81D83FFE600F8E683 /* Controller */ = {
			isa = PBXGroup;
			children = (
				E115880E1D841B5000F8E683 /* DiscoverViewController.h */,
				E115880F1D841B5000F8E683 /* DiscoverViewController.m */,
			);
			path = Controller;
			sourceTree = "<group>";
		};
		E11587E91D83FFE600F8E683 /* Model */ = {
			isa = PBXGroup;
			children = (
			);
			path = Model;
			sourceTree = "<group>";
		};
		E11587EA1D83FFE600F8E683 /* View */ = {
			isa = PBXGroup;
			children = (
			);
			path = View;
			sourceTree = "<group>";
		};
		E11587EB1D83FFE600F8E683 /* Me */ = {
			isa = PBXGroup;
			children = (
				E11587EC1D83FFE600F8E683 /* Controller */,
				E11587ED1D83FFE600F8E683 /* Model */,
				E11587EE1D83FFE600F8E683 /* View */,
			);
			path = Me;
			sourceTree = "<group>";
		};
		E11587EC1D83FFE600F8E683 /* Controller */ = {
			isa = PBXGroup;
			children = (
				E11588111D841B5D00F8E683 /* MeViewController.h */,
				E11588121D841B5D00F8E683 /* MeViewController.m */,
			);
			path = Controller;
			sourceTree = "<group>";
		};
		E11587ED1D83FFE600F8E683 /* Model */ = {
			isa = PBXGroup;
			children = (
			);
			path = Model;
			sourceTree = "<group>";
		};
		E11587EE1D83FFE600F8E683 /* View */ = {
			isa = PBXGroup;
			children = (
			);
			path = View;
			sourceTree = "<group>";
		};
		E11587EF1D83FFE600F8E683 /* Other */ = {
			isa = PBXGroup;
			children = (
				E11587F21D83FFE600F8E683 /* Controller */,
				E11587F71D83FFE600F8E683 /* View */,
				E115881D1D84467900F8E683 /* Category */,
				E11587F01D83FFE600F8E683 /* AppDelegate.h */,
				E11587F11D83FFE600F8E683 /* AppDelegate.m */,
				E115880A1D84182E00F8E683 /* PrefixHeader.pch */,
				E1A301CF1D86D44E001A9575 /* HYConst.h */,
				E1A301D01D86D44E001A9575 /* HYConst.m */,
				E11587F51D83FFE600F8E683 /* Info.plist */,
				E11587F61D83FFE600F8E683 /* main.m */,
				E1FE8AAA1D87D88C00C6D0FF /* headerCenterView.txt */,
				E1FE8AAB1D87D88C00C6D0FF /* headerView.txt */,
				E1FE8AAC1D87D88C00C6D0FF /* jingxuan.txt */,
			);
			path = Other;
			sourceTree = "<group>";
		};
		E11587F21D83FFE600F8E683 /* Controller */ = {
			isa = PBXGroup;
			children = (
				E11587F31D83FFE600F8E683 /* HYTabBarController.h */,
				E11587F41D83FFE600F8E683 /* HYTabBarController.m */,
				E11588071D84025C00F8E683 /* HYNavigationController.h */,
				E11588081D84025C00F8E683 /* HYNavigationController.m */,
				E115882A1D84545700F8E683 /* HYViewController.h */,
				E115882B1D84545700F8E683 /* HYViewController.m */,
			);
			path = Controller;
			sourceTree = "<group>";
		};
		E11587F71D83FFE600F8E683 /* View */ = {
			isa = PBXGroup;
			children = (
				E115881A1D8442EB00F8E683 /* ChangeAgeView.h */,
				E115881B1D8442EB00F8E683 /* ChangeAgeView.m */,
			);
			path = View;
			sourceTree = "<group>";
		};
		E11587FA1D83FFE600F8E683 /* Recommend */ = {
			isa = PBXGroup;
			children = (
				E11587FB1D83FFE600F8E683 /* Controller */,
				E11587FC1D83FFE600F8E683 /* Model */,
				E1A301C91D86B862001A9575 /* View */,
			);
			path = Recommend;
			sourceTree = "<group>";
		};
		E11587FB1D83FFE600F8E683 /* Controller */ = {
			isa = PBXGroup;
			children = (
				E11588141D841B6E00F8E683 /* RecommendViewController.h */,
				E11588151D841B6E00F8E683 /* RecommendViewController.m */,
			);
			path = Controller;
			sourceTree = "<group>";
		};
		E11587FC1D83FFE600F8E683 /* Model */ = {
			isa = PBXGroup;
			children = (
				E1CACAFF1D86A5E800B5A7B3 /* HYThemeHeader.h */,
				E1CACB001D86A5E800B5A7B3 /* HYThemeHeader.m */,
				E17EF6AD1D891ED7004DE136 /* collocationModel.h */,
				E17EF6AE1D891ED7004DE136 /* collocationModel.m */,
				E108F7151D8A331E00309A49 /* discoverModel.h */,
				E108F7161D8A331E00309A49 /* discoverModel.m */,
			);
			path = Model;
			sourceTree = "<group>";
		};
		E11587FE1D83FFE600F8E683 /* SingleProduct */ = {
			isa = PBXGroup;
			children = (
				E11587FF1D83FFE600F8E683 /* Controller */,
				E11588001D83FFE600F8E683 /* Model */,
				E11588011D83FFE600F8E683 /* View */,
			);
			path = SingleProduct;
			sourceTree = "<group>";
		};
		E11587FF1D83FFE600F8E683 /* Controller */ = {
			isa = PBXGroup;
			children = (
				E11588171D841B8700F8E683 /* SingleProductViewController.h */,
				E11588181D841B8700F8E683 /* SingleProductViewController.m */,
			);
			path = Controller;
			sourceTree = "<group>";
		};
		E11588001D83FFE600F8E683 /* Model */ = {
			isa = PBXGroup;
			children = (
			);
			path = Model;
			sourceTree = "<group>";
		};
		E11588011D83FFE600F8E683 /* View */ = {
			isa = PBXGroup;
			children = (
			);
			path = View;
			sourceTree = "<group>";
		};
		E115881D1D84467900F8E683 /* Category */ = {
			isa = PBXGroup;
			children = (
				E1A301D21D86DA13001A9575 /* HYVerticalButton.h */,
				E1A301D31D86DA13001A9575 /* HYVerticalButton.m */,
				E11588271D844EBC00F8E683 /* UIView+HYExtension.h */,
				E11588281D844EBC00F8E683 /* UIView+HYExtension.m */,
				E11588241D844E9100F8E683 /* UIBarButtonItem+HYExtension.h */,
				E11588251D844E9100F8E683 /* UIBarButtonItem+HYExtension.m */,
				E11AB0231D8544F200539F86 /* UIButton+HYExtension.h */,
				E11AB0241D8544F200539F86 /* UIButton+HYExtension.m */,
			);
			path = Category;
			sourceTree = "<group>";
		};
		E1A301C91D86B862001A9575 /* View */ = {
			isa = PBXGroup;
			children = (
				E1A301CA1D86B862001A9575 /* HYThemeHeaderView.h */,
				E1A301CB1D86B862001A9575 /* HYThemeHeaderView.m */,
				E1A301CC1D86B862001A9575 /* HYThemeHeaderView.xib */,
			);
			path = View;
			sourceTree = "<group>";
		};
/* End PBXGroup section */

/* Begin PBXNativeTarget section */
		E11587C41D83C72000F8E683 /* nanyibang */ = {
			isa = PBXNativeTarget;
			buildConfigurationList = E11587DC1D83C72000F8E683 /* Build configuration list for PBXNativeTarget "nanyibang" */;
			buildPhases = (
				16015D75EF28F90F91C76A8C /* Check Pods Manifest.lock */,
				E11587C11D83C72000F8E683 /* Sources */,
				E11587C21D83C72000F8E683 /* Frameworks */,
				E11587C31D83C72000F8E683 /* Resources */,
				14FC67619D370AF9294174CC /* Embed Pods Frameworks */,
				CE9CCCA69E1FD2B2A3B2B926 /* Copy Pods Resources */,
			);
			buildRules = (
			);
			dependencies = (
			);
			name = nanyibang;
			productName = nanyibang;
			productReference = E11587C51D83C72000F8E683 /* nanyibang.app */;
			productType = "com.apple.product-type.application";
		};
/* End PBXNativeTarget section */

/* Begin PBXProject section */
		E11587BD1D83C72000F8E683 /* Project object */ = {
			isa = PBXProject;
			attributes = {
				LastUpgradeCheck = 0720;
				ORGANIZATIONNAME = huanying;
				TargetAttributes = {
					E11587C41D83C72000F8E683 = {
						CreatedOnToolsVersion = 7.2;
						DevelopmentTeam = 3TM26MJ9Q7;
					};
				};
			};
			buildConfigurationList = E11587C01D83C72000F8E683 /* Build configuration list for PBXProject "nanyibang" */;
			compatibilityVersion = "Xcode 3.2";
			developmentRegion = English;
			hasScannedForEncodings = 0;
			knownRegions = (
				en,
				Base,
			);
			mainGroup = E11587BC1D83C72000F8E683;
			productRefGroup = E11587C61D83C72000F8E683 /* Products */;
			projectDirPath = "";
			projectRoot = "";
			targets = (
				E11587C41D83C72000F8E683 /* nanyibang */,
			);
		};
/* End PBXProject section */

/* Begin PBXResourcesBuildPhase section */
		E11587C31D83C72000F8E683 /* Resources */ = {
			isa = PBXResourcesBuildPhase;
			buildActionMask = 2147483647;
			files = (
				E11588041D83FFE600F8E683 /* Info.plist in Resources */,
				E1FE8AAE1D87D88C00C6D0FF /* headerView.txt in Resources */,
				E11587D51D83C72000F8E683 /* Assets.xcassets in Resources */,
				E1A301CE1D86B862001A9575 /* HYThemeHeaderView.xib in Resources */,
				E1FE8AAF1D87D88C00C6D0FF /* jingxuan.txt in Resources */,
				E1FE8AAD1D87D88C00C6D0FF /* headerCenterView.txt in Resources */,
			);
			runOnlyForDeploymentPostprocessing = 0;
		};
/* End PBXResourcesBuildPhase section */

/* Begin PBXShellScriptBuildPhase section */
		14FC67619D370AF9294174CC /* Embed Pods Frameworks */ = {
			isa = PBXShellScriptBuildPhase;
			buildActionMask = 2147483647;
			files = (
			);
			inputPaths = (
			);
			name = "Embed Pods Frameworks";
			outputPaths = (
			);
			runOnlyForDeploymentPostprocessing = 0;
			shellPath = /bin/sh;
			shellScript = "\"${SRCROOT}/Pods/Target Support Files/Pods/Pods-frameworks.sh\"\n";
			showEnvVarsInLog = 0;
		};
		16015D75EF28F90F91C76A8C /* Check Pods Manifest.lock */ = {
			isa = PBXShellScriptBuildPhase;
			buildActionMask = 2147483647;
			files = (
			);
			inputPaths = (
			);
			name = "Check Pods Manifest.lock";
			outputPaths = (
			);
			runOnlyForDeploymentPostprocessing = 0;
			shellPath = /bin/sh;
			shellScript = "diff \"${PODS_ROOT}/../Podfile.lock\" \"${PODS_ROOT}/Manifest.lock\" > /dev/null\nif [[ $? != 0 ]] ; then\n    cat << EOM\nerror: The sandbox is not in sync with the Podfile.lock. Run 'pod install' or update your CocoaPods installation.\nEOM\n    exit 1\nfi\n";
			showEnvVarsInLog = 0;
		};
		CE9CCCA69E1FD2B2A3B2B926 /* Copy Pods Resources */ = {
			isa = PBXShellScriptBuildPhase;
			buildActionMask = 2147483647;
			files = (
			);
			inputPaths = (
			);
			name = "Copy Pods Resources";
			outputPaths = (
			);
			runOnlyForDeploymentPostprocessing = 0;
			shellPath = /bin/sh;
			shellScript = "\"${SRCROOT}/Pods/Target Support Files/Pods/Pods-resources.sh\"\n";
			showEnvVarsInLog = 0;
		};
/* End PBXShellScriptBuildPhase section */

/* Begin PBXSourcesBuildPhase section */
		E11587C11D83C72000F8E683 /* Sources */ = {
			isa = PBXSourcesBuildPhase;
			buildActionMask = 2147483647;
			files = (
				E11588191D841B8700F8E683 /* SingleProductViewController.m in Sources */,
				E11588291D844EBC00F8E683 /* UIView+HYExtension.m in Sources */,
				E1A301D11D86D44E001A9575 /* HYConst.m in Sources */,
				E11588091D84025C00F8E683 /* HYNavigationController.m in Sources */,
				E11588101D841B5000F8E683 /* DiscoverViewController.m in Sources */,
				E11AB0251D8544F200539F86 /* UIButton+HYExtension.m in Sources */,
				E11588131D841B5D00F8E683 /* MeViewController.m in Sources */,
				E1A301CD1D86B862001A9575 /* HYThemeHeaderView.m in Sources */,
				E1CACB011D86A5E800B5A7B3 /* HYThemeHeader.m in Sources */,
				E115882C1D84545700F8E683 /* HYViewController.m in Sources */,
				E11588031D83FFE600F8E683 /* HYTabBarController.m in Sources */,
				E11588021D83FFE600F8E683 /* AppDelegate.m in Sources */,
				E11588161D841B6E00F8E683 /* RecommendViewController.m in Sources */,
				E17EF6AF1D891ED7004DE136 /* collocationModel.m in Sources */,
				E11588051D83FFE600F8E683 /* main.m in Sources */,
				E1A301D41D86DA13001A9575 /* HYVerticalButton.m in Sources */,
				E11588261D844E9100F8E683 /* UIBarButtonItem+HYExtension.m in Sources */,
				E115881C1D8442EB00F8E683 /* ChangeAgeView.m in Sources */,
				E108F7171D8A331E00309A49 /* discoverModel.m in Sources */,
				E115880D1D841B2600F8E683 /* CollocationViewController.m in Sources */,
			);
			runOnlyForDeploymentPostprocessing = 0;
		};
/* End PBXSourcesBuildPhase section */

/* Begin XCBuildConfiguration section */
		E11587DA1D83C72000F8E683 /* Debug */ = {
			isa = XCBuildConfiguration;
			buildSettings = {
				ALWAYS_SEARCH_USER_PATHS = NO;
				CLANG_CXX_LANGUAGE_STANDARD = "gnu++0x";
				CLANG_CXX_LIBRARY = "libc++";
				CLANG_ENABLE_MODULES = YES;
				CLANG_ENABLE_OBJC_ARC = YES;
				CLANG_WARN_BOOL_CONVERSION = YES;
				CLANG_WARN_CONSTANT_CONVERSION = YES;
				CLANG_WARN_DIRECT_OBJC_ISA_USAGE = YES_ERROR;
				CLANG_WARN_EMPTY_BODY = YES;
				CLANG_WARN_ENUM_CONVERSION = YES;
				CLANG_WARN_INT_CONVERSION = YES;
				CLANG_WARN_OBJC_ROOT_CLASS = YES_ERROR;
				CLANG_WARN_UNREACHABLE_CODE = YES;
				CLANG_WARN__DUPLICATE_METHOD_MATCH = YES;
				"CODE_SIGN_IDENTITY[sdk=iphoneos*]" = "iPhone Developer";
				COPY_PHASE_STRIP = NO;
				DEBUG_INFORMATION_FORMAT = dwarf;
				ENABLE_STRICT_OBJC_MSGSEND = YES;
				ENABLE_TESTABILITY = YES;
				GCC_C_LANGUAGE_STANDARD = gnu99;
				GCC_DYNAMIC_NO_PIC = NO;
				GCC_NO_COMMON_BLOCKS = YES;
				GCC_OPTIMIZATION_LEVEL = 0;
				GCC_PREPROCESSOR_DEFINITIONS = (
					"DEBUG=1",
					"$(inherited)",
				);
				GCC_WARN_64_TO_32_BIT_CONVERSION = YES;
				GCC_WARN_ABOUT_RETURN_TYPE = YES_ERROR;
				GCC_WARN_UNDECLARED_SELECTOR = YES;
				GCC_WARN_UNINITIALIZED_AUTOS = YES_AGGRESSIVE;
				GCC_WARN_UNUSED_FUNCTION = YES;
				GCC_WARN_UNUSED_VARIABLE = YES;
				IPHONEOS_DEPLOYMENT_TARGET = 9.2;
				MTL_ENABLE_DEBUG_INFO = YES;
				ONLY_ACTIVE_ARCH = YES;
				SDKROOT = iphoneos;
			};
			name = Debug;
		};
		E11587DB1D83C72000F8E683 /* Release */ = {
			isa = XCBuildConfiguration;
			buildSettings = {
				ALWAYS_SEARCH_USER_PATHS = NO;
				CLANG_CXX_LANGUAGE_STANDARD = "gnu++0x";
				CLANG_CXX_LIBRARY = "libc++";
				CLANG_ENABLE_MODULES = YES;
				CLANG_ENABLE_OBJC_ARC = YES;
				CLANG_WARN_BOOL_CONVERSION = YES;
				CLANG_WARN_CONSTANT_CONVERSION = YES;
				CLANG_WARN_DIRECT_OBJC_ISA_USAGE = YES_ERROR;
				CLANG_WARN_EMPTY_BODY = YES;
				CLANG_WARN_ENUM_CONVERSION = YES;
				CLANG_WARN_INT_CONVERSION = YES;
				CLANG_WARN_OBJC_ROOT_CLASS = YES_ERROR;
				CLANG_WARN_UNREACHABLE_CODE = YES;
				CLANG_WARN__DUPLICATE_METHOD_MATCH = YES;
				"CODE_SIGN_IDENTITY[sdk=iphoneos*]" = "iPhone Developer";
				COPY_PHASE_STRIP = NO;
				DEBUG_INFORMATION_FORMAT = "dwarf-with-dsym";
				ENABLE_NS_ASSERTIONS = NO;
				ENABLE_STRICT_OBJC_MSGSEND = YES;
				GCC_C_LANGUAGE_STANDARD = gnu99;
				GCC_NO_COMMON_BLOCKS = YES;
				GCC_WARN_64_TO_32_BIT_CONVERSION = YES;
				GCC_WARN_ABOUT_RETURN_TYPE = YES_ERROR;
				GCC_WARN_UNDECLARED_SELECTOR = YES;
				GCC_WARN_UNINITIALIZED_AUTOS = YES_AGGRESSIVE;
				GCC_WARN_UNUSED_FUNCTION = YES;
				GCC_WARN_UNUSED_VARIABLE = YES;
				IPHONEOS_DEPLOYMENT_TARGET = 9.2;
				MTL_ENABLE_DEBUG_INFO = NO;
				SDKROOT = iphoneos;
				VALIDATE_PRODUCT = YES;
			};
			name = Release;
		};
		E11587DD1D83C72000F8E683 /* Debug */ = {
			isa = XCBuildConfiguration;
			baseConfigurationReference = 6587FE401B29E8052427C7E8 /* Pods.debug.xcconfig */;
			buildSettings = {
				ASSETCATALOG_COMPILER_APPICON_NAME = AppIcon;
				ASSETCATALOG_COMPILER_LAUNCHIMAGE_NAME = "Brand Assets";
				CODE_SIGN_IDENTITY = "iPhone Developer";
				GCC_PRECOMPILE_PREFIX_HEADER = YES;
				GCC_PREFIX_HEADER = nanyibang/Classs/Other/PrefixHeader.pch;
				INFOPLIST_FILE = "$(SRCROOT)/nanyibang/Classs/Other/Info.plist";
				IPHONEOS_DEPLOYMENT_TARGET = 7.0;
				LD_RUNPATH_SEARCH_PATHS = "$(inherited) @executable_path/Frameworks";
				PRODUCT_BUNDLE_IDENTIFIER = cn.huanying.nanyibang;
				PRODUCT_NAME = "$(TARGET_NAME)";
			};
			name = Debug;
		};
		E11587DE1D83C72000F8E683 /* Release */ = {
			isa = XCBuildConfiguration;
			baseConfigurationReference = D39DBA9481C4E6F6C5476552 /* Pods.release.xcconfig */;
			buildSettings = {
				ASSETCATALOG_COMPILER_APPICON_NAME = AppIcon;
				ASSETCATALOG_COMPILER_LAUNCHIMAGE_NAME = "Brand Assets";
				CODE_SIGN_IDENTITY = "iPhone Developer";
				GCC_PRECOMPILE_PREFIX_HEADER = YES;
				GCC_PREFIX_HEADER = nanyibang/Classs/Other/PrefixHeader.pch;
				INFOPLIST_FILE = "$(SRCROOT)/nanyibang/Classs/Other/Info.plist";
				IPHONEOS_DEPLOYMENT_TARGET = 7.0;
				LD_RUNPATH_SEARCH_PATHS = "$(inherited) @executable_path/Frameworks";
				PRODUCT_BUNDLE_IDENTIFIER = cn.huanying.nanyibang;
				PRODUCT_NAME = "$(TARGET_NAME)";
			};
			name = Release;
		};
/* End XCBuildConfiguration section */

/* Begin XCConfigurationList section */
		E11587C01D83C72000F8E683 /* Build configuration list for PBXProject "nanyibang" */ = {
			isa = XCConfigurationList;
			buildConfigurations = (
				E11587DA1D83C72000F8E683 /* Debug */,
				E11587DB1D83C72000F8E683 /* Release */,
			);
			defaultConfigurationIsVisible = 0;
			defaultConfigurationName = Release;
		};
		E11587DC1D83C72000F8E683 /* Build configuration list for PBXNativeTarget "nanyibang" */ = {
			isa = XCConfigurationList;
			buildConfigurations = (
				E11587DD1D83C72000F8E683 /* Debug */,
				E11587DE1D83C72000F8E683 /* Release */,
			);
			defaultConfigurationIsVisible = 0;
			defaultConfigurationName = Release;
		};
/* End XCConfigurationList section */
	};
	rootObject = E11587BD1D83C72000F8E683 /* Project object */;
}
